
Microsoft Visual Studio Solution File, Format Version 12.00
# Visual Studio Version 17
VisualStudioVersion = 17.7.34202.233
MinimumVisualStudioVersion = 10.0.40219.1
Project("{FAE04EC0-301F-11D3-BF4B-00C04F79EFBC}") = "Nykaa", "Nykaa\Nykaa.csproj", "{A94B2F94-C4C6-4741-8784-6BB8FF8BC318}"
EndProject
Global
	GlobalSection(SolutionConfigurationPlatforms) = preSolution
		Debug|Any CPU = Debug|Any CPU
		Release|Any CPU = Release|Any CPU
	EndGlobalSection
	GlobalSection(ProjectConfigurationPlatforms) = postSolution
		{A94B2F94-C4C6-4741-8784-6BB8FF8BC318}.Debug|Any CPU.ActiveCfg = Debug|Any CPU
		{A94B2F94-C4C6-4741-8784-6BB8FF8BC318}.Debug|Any CPU.Build.0 = Debug|Any CPU
		{A94B2F94-C4C6-4741-8784-6BB8FF8BC318}.Release|Any CPU.ActiveCfg = Release|Any CPU
		{A94B2F94-C4C6-4741-8784-6BB8FF8BC318}.Release|Any CPU.Build.0 = Release|Any CPU
	EndGlobalSection
	GlobalSection(SolutionProperties) = preSolution
		HideSolutionNode = FALSE
	EndGlobalSection
	GlobalSection(ExtensibilityGlobals) = postSolution
		SolutionGuid = {E815C07C-97B1-4547-89A2-4C043B4F6199}
	EndGlobalSection
EndGlobal
